
Microsoft Visual Studio Solution File, Format Version 12.00
# Visual Studio 15
Project("{FAE04EC0-301F-11D3-BF4B-00C04F79EFBC}") = "xamarin-test-app", "xamarin-test-app\xamarin-test-app.csproj", "{E371D374-3C6F-4C18-94EE-69DAC3E6ECB6}"
EndProject
Project("{FAE04EC0-301F-11D3-BF4B-00C04F79EFBC}") = "test-ext", "test-ext\test-ext.csproj", "{1E274E41-E7FC-46D8-BED5-320663807C82}"
EndProject
Global
	GlobalSection(SolutionConfigurationPlatforms) = preSolution
		Debug|iPhoneSimulator = Debug|iPhoneSimulator
		Release|iPhoneSimulator = Release|iPhoneSimulator
		Debug|iPhone = Debug|iPhone
		Release|iPhone = Release|iPhone
	EndGlobalSection
	GlobalSection(ProjectConfigurationPlatforms) = postSolution
		{E371D374-3C6F-4C18-94EE-69DAC3E6ECB6}.Debug|iPhoneSimulator.ActiveCfg = Debug|iPhoneSimulator
		{E371D374-3C6F-4C18-94EE-69DAC3E6ECB6}.Debug|iPhoneSimulator.Build.0 = Debug|iPhoneSimulator
		{E371D374-3C6F-4C18-94EE-69DAC3E6ECB6}.Release|iPhoneSimulator.ActiveCfg = Release|iPhoneSimulator
		{E371D374-3C6F-4C18-94EE-69DAC3E6ECB6}.Release|iPhoneSimulator.Build.0 = Release|iPhoneSimulator
		{E371D374-3C6F-4C18-94EE-69DAC3E6ECB6}.Debug|iPhone.ActiveCfg = Debug|iPhone
		{E371D374-3C6F-4C18-94EE-69DAC3E6ECB6}.Debug|iPhone.Build.0 = Debug|iPhone
		{E371D374-3C6F-4C18-94EE-69DAC3E6ECB6}.Release|iPhone.ActiveCfg = Release|iPhone
		{E371D374-3C6F-4C18-94EE-69DAC3E6ECB6}.Release|iPhone.Build.0 = Release|iPhone
		{1E274E41-E7FC-46D8-BED5-320663807C82}.Debug|iPhoneSimulator.ActiveCfg = Debug|iPhoneSimulator
		{1E274E41-E7FC-46D8-BED5-320663807C82}.Debug|iPhoneSimulator.Build.0 = Debug|iPhoneSimulator
		{1E274E41-E7FC-46D8-BED5-320663807C82}.Release|iPhoneSimulator.ActiveCfg = Release|iPhoneSimulator
		{1E274E41-E7FC-46D8-BED5-320663807C82}.Release|iPhoneSimulator.Build.0 = Release|iPhoneSimulator
		{1E274E41-E7FC-46D8-BED5-320663807C82}.Debug|iPhone.ActiveCfg = Debug|iPhone
		{1E274E41-E7FC-46D8-BED5-320663807C82}.Debug|iPhone.Build.0 = Debug|iPhone
		{1E274E41-E7FC-46D8-BED5-320663807C82}.Release|iPhone.ActiveCfg = Release|iPhone
		{1E274E41-E7FC-46D8-BED5-320663807C82}.Release|iPhone.Build.0 = Release|iPhone
	EndGlobalSection
EndGlobal
